
Microsoft Visual Studio Solution File, Format Version 12.00
# Visual Studio 14
VisualStudioVersion = 14.0.23107.0
MinimumVisualStudioVersion = 10.0.40219.1
Project("{8BC9CEB8-8B4A-11D0-8D11-00A0C91BC942}") = "libodb", "libraries\libodb.vcxproj", "{990DF822-39B2-465F-9EF6-F5408DA104B2}"
EndProject
Project("{8BC9CEB8-8B4A-11D0-8D11-00A0C91BC942}") = "libodb-sqlite", "libraries\libodb-sqlite.vcxproj", "{E7B57DBB-9C62-4B2E-AE8F-770639A7427E}"
EndProject
Project("{8BC9CEB8-8B4A-11D0-8D11-00A0C91BC942}") = "sqlite", "libraries\sqlite.vcxproj", "{E2337922-1514-4BE8-B076-64022AEBE3BE}"
EndProject
Project("{8BC9CEB8-8B4A-11D0-8D11-00A0C91BC942}") = "Project", "Project.vcxproj", "{7BA39189-7C93-4D4E-8362-AF4028128A6A}"
	ProjectSection(ProjectDependencies) = postProject
		{E2337922-1514-4BE8-B076-64022AEBE3BE} = {E2337922-1514-4BE8-B076-64022AEBE3BE}
		{990DF822-39B2-465F-9EF6-F5408DA104B2} = {990DF822-39B2-465F-9EF6-F5408DA104B2}
		{04292473-61A2-48AE-B1C9-A7C64732E410} = {04292473-61A2-48AE-B1C9-A7C64732E410}
		{E1097D9D-B27B-46ED-8B32-8D358576CBD1} = {E1097D9D-B27B-46ED-8B32-8D358576CBD1}
		{01A035AA-2BE3-4D55-B5D5-79EB6F84C11A} = {01A035AA-2BE3-4D55-B5D5-79EB6F84C11A}
		{E7B57DBB-9C62-4B2E-AE8F-770639A7427E} = {E7B57DBB-9C62-4B2E-AE8F-770639A7427E}
	EndProjectSection
EndProject
Project("{8BC9CEB8-8B4A-11D0-8D11-00A0C91BC942}") = "glm", "libraries\glm.vcxproj", "{E1097D9D-B27B-46ED-8B32-8D358576CBD1}"
EndProject
Project("{8BC9CEB8-8B4A-11D0-8D11-00A0C91BC942}") = "Test", "Test.vcxproj", "{04292473-61A2-48AE-B1C9-A7C64732E410}"
	ProjectSection(ProjectDependencies) = postProject
		{3BAA0305-709E-4A3C-8A54-7F4C9AC03566} = {3BAA0305-709E-4A3C-8A54-7F4C9AC03566}
		{E2337922-1514-4BE8-B076-64022AEBE3BE} = {E2337922-1514-4BE8-B076-64022AEBE3BE}
		{990DF822-39B2-465F-9EF6-F5408DA104B2} = {990DF822-39B2-465F-9EF6-F5408DA104B2}
		{66657874-34C4-4456-891C-7F9B06030876} = {66657874-34C4-4456-891C-7F9B06030876}
		{E1097D9D-B27B-46ED-8B32-8D358576CBD1} = {E1097D9D-B27B-46ED-8B32-8D358576CBD1}
		{01A035AA-2BE3-4D55-B5D5-79EB6F84C11A} = {01A035AA-2BE3-4D55-B5D5-79EB6F84C11A}
		{E7B57DBB-9C62-4B2E-AE8F-770639A7427E} = {E7B57DBB-9C62-4B2E-AE8F-770639A7427E}
	EndProjectSection
EndProject
Project("{8BC9CEB8-8B4A-11D0-8D11-00A0C91BC942}") = "google_test", "libraries\google_test.vcxproj", "{66657874-34C4-4456-891C-7F9B06030876}"
EndProject
Project("{8BC9CEB8-8B4A-11D0-8D11-00A0C91BC942}") = "google_mock", "libraries\google_mock.vcxproj", "{3BAA0305-709E-4A3C-8A54-7F4C9AC03566}"
EndProject
Project("{8BC9CEB8-8B4A-11D0-8D11-00A0C91BC942}") = "ProjectLib", "ProjectLib.vcxproj", "{01A035AA-2BE3-4D55-B5D5-79EB6F84C11A}"
EndProject
Global
	GlobalSection(SolutionConfigurationPlatforms) = preSolution
		Debug|x64 = Debug|x64
		Debug|x86 = Debug|x86
		Release|x64 = Release|x64
		Release|x86 = Release|x86
	EndGlobalSection
	GlobalSection(ProjectConfigurationPlatforms) = postSolution
		{990DF822-39B2-465F-9EF6-F5408DA104B2}.Debug|x64.ActiveCfg = Debug|x64
		{990DF822-39B2-465F-9EF6-F5408DA104B2}.Debug|x64.Build.0 = Debug|x64
		{990DF822-39B2-465F-9EF6-F5408DA104B2}.Debug|x86.ActiveCfg = Debug|Win32
		{990DF822-39B2-465F-9EF6-F5408DA104B2}.Debug|x86.Build.0 = Debug|Win32
		{990DF822-39B2-465F-9EF6-F5408DA104B2}.Release|x64.ActiveCfg = Release|x64
		{990DF822-39B2-465F-9EF6-F5408DA104B2}.Release|x64.Build.0 = Release|x64
		{990DF822-39B2-465F-9EF6-F5408DA104B2}.Release|x86.ActiveCfg = Release|Win32
		{990DF822-39B2-465F-9EF6-F5408DA104B2}.Release|x86.Build.0 = Release|Win32
		{E7B57DBB-9C62-4B2E-AE8F-770639A7427E}.Debug|x64.ActiveCfg = Debug|x64
		{E7B57DBB-9C62-4B2E-AE8F-770639A7427E}.Debug|x64.Build.0 = Debug|x64
		{E7B57DBB-9C62-4B2E-AE8F-770639A7427E}.Debug|x86.ActiveCfg = Debug|Win32
		{E7B57DBB-9C62-4B2E-AE8F-770639A7427E}.Debug|x86.Build.0 = Debug|Win32
		{E7B57DBB-9C62-4B2E-AE8F-770639A7427E}.Release|x64.ActiveCfg = Release|x64
		{E7B57DBB-9C62-4B2E-AE8F-770639A7427E}.Release|x64.Build.0 = Release|x64
		{E7B57DBB-9C62-4B2E-AE8F-770639A7427E}.Release|x86.ActiveCfg = Release|Win32
		{E7B57DBB-9C62-4B2E-AE8F-770639A7427E}.Release|x86.Build.0 = Release|Win32
		{E2337922-1514-4BE8-B076-64022AEBE3BE}.Debug|x64.ActiveCfg = Debug|x64
		{E2337922-1514-4BE8-B076-64022AEBE3BE}.Debug|x64.Build.0 = Debug|x64
		{E2337922-1514-4BE8-B076-64022AEBE3BE}.Debug|x86.ActiveCfg = Debug|Win32
		{E2337922-1514-4BE8-B076-64022AEBE3BE}.Debug|x86.Build.0 = Debug|Win32
		{E2337922-1514-4BE8-B076-64022AEBE3BE}.Release|x64.ActiveCfg = Release|x64
		{E2337922-1514-4BE8-B076-64022AEBE3BE}.Release|x64.Build.0 = Release|x64
		{E2337922-1514-4BE8-B076-64022AEBE3BE}.Release|x86.ActiveCfg = Release|Win32
		{E2337922-1514-4BE8-B076-64022AEBE3BE}.Release|x86.Build.0 = Release|Win32
		{7BA39189-7C93-4D4E-8362-AF4028128A6A}.Debug|x64.ActiveCfg = Debug|x64
		{7BA39189-7C93-4D4E-8362-AF4028128A6A}.Debug|x64.Build.0 = Debug|x64
		{7BA39189-7C93-4D4E-8362-AF4028128A6A}.Debug|x86.ActiveCfg = Debug|Win32
		{7BA39189-7C93-4D4E-8362-AF4028128A6A}.Debug|x86.Build.0 = Debug|Win32
		{7BA39189-7C93-4D4E-8362-AF4028128A6A}.Release|x64.ActiveCfg = Release|x64
		{7BA39189-7C93-4D4E-8362-AF4028128A6A}.Release|x64.Build.0 = Release|x64
		{7BA39189-7C93-4D4E-8362-AF4028128A6A}.Release|x86.ActiveCfg = Release|Win32
		{7BA39189-7C93-4D4E-8362-AF4028128A6A}.Release|x86.Build.0 = Release|Win32
		{E1097D9D-B27B-46ED-8B32-8D358576CBD1}.Debug|x64.ActiveCfg = Debug|x64
		{E1097D9D-B27B-46ED-8B32-8D358576CBD1}.Debug|x64.Build.0 = Debug|x64
		{E1097D9D-B27B-46ED-8B32-8D358576CBD1}.Debug|x86.ActiveCfg = Debug|Win32
		{E1097D9D-B27B-46ED-8B32-8D358576CBD1}.Debug|x86.Build.0 = Debug|Win32
		{E1097D9D-B27B-46ED-8B32-8D358576CBD1}.Release|x64.ActiveCfg = Release|x64
		{E1097D9D-B27B-46ED-8B32-8D358576CBD1}.Release|x64.Build.0 = Release|x64
		{E1097D9D-B27B-46ED-8B32-8D358576CBD1}.Release|x86.ActiveCfg = Release|Win32
		{E1097D9D-B27B-46ED-8B32-8D358576CBD1}.Release|x86.Build.0 = Release|Win32
		{04292473-61A2-48AE-B1C9-A7C64732E410}.Debug|x64.ActiveCfg = Debug|x64
		{04292473-61A2-48AE-B1C9-A7C64732E410}.Debug|x64.Build.0 = Debug|x64
		{04292473-61A2-48AE-B1C9-A7C64732E410}.Debug|x86.ActiveCfg = Debug|Win32
		{04292473-61A2-48AE-B1C9-A7C64732E410}.Debug|x86.Build.0 = Debug|Win32
		{04292473-61A2-48AE-B1C9-A7C64732E410}.Release|x64.ActiveCfg = Release|x64
		{04292473-61A2-48AE-B1C9-A7C64732E410}.Release|x64.Build.0 = Release|x64
		{04292473-61A2-48AE-B1C9-A7C64732E410}.Release|x86.ActiveCfg = Release|Win32
		{04292473-61A2-48AE-B1C9-A7C64732E410}.Release|x86.Build.0 = Release|Win32
		{66657874-34C4-4456-891C-7F9B06030876}.Debug|x64.ActiveCfg = Debug|x64
		{66657874-34C4-4456-891C-7F9B06030876}.Debug|x64.Build.0 = Debug|x64
		{66657874-34C4-4456-891C-7F9B06030876}.Debug|x86.ActiveCfg = Debug|Win32
		{66657874-34C4-4456-891C-7F9B06030876}.Debug|x86.Build.0 = Debug|Win32
		{66657874-34C4-4456-891C-7F9B06030876}.Release|x64.ActiveCfg = Release|x64
		{66657874-34C4-4456-891C-7F9B06030876}.Release|x64.Build.0 = Release|x64
		{66657874-34C4-4456-891C-7F9B06030876}.Release|x86.ActiveCfg = Release|Win32
		{66657874-34C4-4456-891C-7F9B06030876}.Release|x86.Build.0 = Release|Win32
		{3BAA0305-709E-4A3C-8A54-7F4C9AC03566}.Debug|x64.ActiveCfg = Debug|x64
		{3BAA0305-709E-4A3C-8A54-7F4C9AC03566}.Debug|x64.Build.0 = Debug|x64
		{3BAA0305-709E-4A3C-8A54-7F4C9AC03566}.Debug|x86.ActiveCfg = Debug|Win32
		{3BAA0305-709E-4A3C-8A54-7F4C9AC03566}.Debug|x86.Build.0 = Debug|Win32
		{3BAA0305-709E-4A3C-8A54-7F4C9AC03566}.Release|x64.ActiveCfg = Release|x64
		{3BAA0305-709E-4A3C-8A54-7F4C9AC03566}.Release|x64.Build.0 = Release|x64
		{3BAA0305-709E-4A3C-8A54-7F4C9AC03566}.Release|x86.ActiveCfg = Release|Win32
		{3BAA0305-709E-4A3C-8A54-7F4C9AC03566}.Release|x86.Build.0 = Release|Win32
		{01A035AA-2BE3-4D55-B5D5-79EB6F84C11A}.Debug|x64.ActiveCfg = Debug|x64
		{01A035AA-2BE3-4D55-B5D5-79EB6F84C11A}.Debug|x64.Build.0 = Debug|x64
		{01A035AA-2BE3-4D55-B5D5-79EB6F84C11A}.Debug|x86.ActiveCfg = Debug|Win32
		{01A035AA-2BE3-4D55-B5D5-79EB6F84C11A}.Debug|x86.Build.0 = Debug|Win32
		{01A035AA-2BE3-4D55-B5D5-79EB6F84C11A}.Release|x64.ActiveCfg = Release|x64
		{01A035AA-2BE3-4D55-B5D5-79EB6F84C11A}.Release|x64.Build.0 = Release|x64
		{01A035AA-2BE3-4D55-B5D5-79EB6F84C11A}.Release|x86.ActiveCfg = Release|Win32
		{01A035AA-2BE3-4D55-B5D5-79EB6F84C11A}.Release|x86.Build.0 = Release|Win32
	EndGlobalSection
	GlobalSection(SolutionProperties) = preSolution
		HideSolutionNode = FALSE
	EndGlobalSection
EndGlobal
